// !$*UTF8*$!
{
	archiveVersion = 1;
	classes = {
	};
	objectVersion = 50;
	objects = {

/* Begin PBXBuildFile section */
		18873C21235BBBEE00745919 /* main.swift in Sources */ = {isa = PBXBuildFile; fileRef = 18873C20235BBBEE00745919 /* main.swift */; };
		18873C29235BBCF600745919 /* Protocol.swift in Sources */ = {isa = PBXBuildFile; fileRef = 18873C28235BBCF600745919 /* Protocol.swift */; };
		18873C2C235BBD4100745919 /* BillClass.swift in Sources */ = {isa = PBXBuildFile; fileRef = 18873C2B235BBD4100745919 /* BillClass.swift */; };
		18873C2E235BBE4400745919 /* InternetClass.swift in Sources */ = {isa = PBXBuildFile; fileRef = 18873C2D235BBE4400745919 /* InternetClass.swift */; };
		18873C30235BC15E00745919 /* MobileClass.swift in Sources */ = {isa = PBXBuildFile; fileRef = 18873C2F235BC15E00745919 /* MobileClass.swift */; };
		18873C33235BC38900745919 /* CustomerClass.swift in Sources */ = {isa = PBXBuildFile; fileRef = 18873C32235BC38900745919 /* CustomerClass.swift */; };
		18873C35235BC65200745919 /* Hydro.swift in Sources */ = {isa = PBXBuildFile; fileRef = 18873C34235BC65200745919 /* Hydro.swift */; };
/* End PBXBuildFile section */

/* Begin PBXCopyFilesBuildPhase section */
		18873C1B235BBBEE00745919 /* CopyFiles */ = {
			isa = PBXCopyFilesBuildPhase;
			buildActionMask = 2147483647;
			dstPath = /usr/share/man/man1/;
			dstSubfolderSpec = 0;
			files = (
			);
			runOnlyForDeploymentPostprocessing = 1;
		};
/* End PBXCopyFilesBuildPhase section */

/* Begin PBXFileReference section */
		18873C1D235BBBEE00745919 /* C0773774_F2019_MID_TERM_MAD3004 */ = {isa = PBXFileReference; explicitFileType = "compiled.mach-o.executable"; includeInIndex = 0; path = C0773774_F2019_MID_TERM_MAD3004; sourceTree = BUILT_PRODUCTS_DIR; };
		18873C20235BBBEE00745919 /* main.swift */ = {isa = PBXFileReference; lastKnownFileType = sourcecode.swift; path = main.swift; sourceTree = "<group>"; };
		18873C28235BBCF600745919 /* Protocol.swift */ = {isa = PBXFileReference; lastKnownFileType = sourcecode.swift; path = Protocol.swift; sourceTree = "<group>"; };
		18873C2B235BBD4100745919 /* BillClass.swift */ = {isa = PBXFileReference; lastKnownFileType = sourcecode.swift; path = BillClass.swift; sourceTree = "<group>"; };
		18873C2D235BBE4400745919 /* InternetClass.swift */ = {isa = PBXFileReference; lastKnownFileType = sourcecode.swift; path = InternetClass.swift; sourceTree = "<group>"; };
		18873C2F235BC15E00745919 /* MobileClass.swift */ = {isa = PBXFileReference; lastKnownFileType = sourcecode.swift; path = MobileClass.swift; sourceTree = "<group>"; };
		18873C32235BC38900745919 /* CustomerClass.swift */ = {isa = PBXFileReference; lastKnownFileType = sourcecode.swift; path = CustomerClass.swift; sourceTree = "<group>"; };
		18873C34235BC65200745919 /* Hydro.swift */ = {isa = PBXFileReference; lastKnownFileType = sourcecode.swift; path = Hydro.swift; sourceTree = "<group>"; };
/* End PBXFileReference section */

/* Begin PBXFrameworksBuildPhase section */
		18873C1A235BBBEE00745919 /* Frameworks */ = {
			isa = PBXFrameworksBuildPhase;
			buildActionMask = 2147483647;
			files = (
			);
			runOnlyForDeploymentPostprocessing = 0;
		};
/* End PBXFrameworksBuildPhase section */

/* Begin PBXGroup section */
		18873C14235BBBEE00745919 = {
			isa = PBXGroup;
			children = (
				18873C1F235BBBEE00745919 /* C0773774_F2019_MID_TERM_MAD3004 */,
				18873C1E235BBBEE00745919 /* Products */,
			);
			sourceTree = "<group>";
		};
		18873C1E235BBBEE00745919 /* Products */ = {
			isa = PBXGroup;
			children = (
				18873C1D235BBBEE00745919 /* C0773774_F2019_MID_TERM_MAD3004 */,
			);
			name = Products;
			sourceTree = "<group>";
		};
		18873C1F235BBBEE00745919 /* C0773774_F2019_MID_TERM_MAD3004 */ = {
			isa = PBXGroup;
			children = (
				18873C20235BBBEE00745919 /* main.swift */,
				18873C31235BC33300745919 /* Customer */,
				18873C2A235BBD2600745919 /* Bill */,
				18873C27235BBCDC00745919 /* Helper */,
			);
			path = C0773774_F2019_MID_TERM_MAD3004;
			sourceTree = "<group>";
		};
		18873C27235BBCDC00745919 /* Helper */ = {
			isa = PBXGroup;
			children = (
				18873C28235BBCF600745919 /* Protocol.swift */,
			);
			path = Helper;
			sourceTree = "<group>";
		};
		18873C2A235BBD2600745919 /* Bill */ = {
			isa = PBXGroup;
			children = (
				18873C2B235BBD4100745919 /* BillClass.swift */,
				18873C2D235BBE4400745919 /* InternetClass.swift */,
				18873C2F235BC15E00745919 /* MobileClass.swift */,
				18873C34235BC65200745919 /* Hydro.swift */,
			);
			path = Bill;
			sourceTree = "<group>";
		};
		18873C31235BC33300745919 /* Customer */ = {
			isa = PBXGroup;
			children = (
				18873C32235BC38900745919 /* CustomerClass.swift */,
			);
			path = Customer;
			sourceTree = "<group>";
		};
/* End PBXGroup section */

/* Begin PBXNativeTarget section */
		18873C1C235BBBEE00745919 /* C0773774_F2019_MID_TERM_MAD3004 */ = {
			isa = PBXNativeTarget;
			buildConfigurationList = 18873C24235BBBEE00745919 /* Build configuration list for PBXNativeTarget "C0773774_F2019_MID_TERM_MAD3004" */;
			buildPhases = (
				18873C19235BBBEE00745919 /* Sources */,
				18873C1A235BBBEE00745919 /* Frameworks */,
				18873C1B235BBBEE00745919 /* CopyFiles */,
			);
			buildRules = (
			);
			dependencies = (
			);
			name = C0773774_F2019_MID_TERM_MAD3004;
			productName = C0773774_F2019_MID_TERM_MAD3004;
			productReference = 18873C1D235BBBEE00745919 /* C0773774_F2019_MID_TERM_MAD3004 */;
			productType = "com.apple.product-type.tool";
		};
/* End PBXNativeTarget section */

/* Begin PBXProject section */
		18873C15235BBBEE00745919 /* Project object */ = {
			isa = PBXProject;
			attributes = {
				LastSwiftUpdateCheck = 1020;
				LastUpgradeCheck = 1020;
				ORGANIZATIONNAME = Apple;
				TargetAttributes = {
					18873C1C235BBBEE00745919 = {
						CreatedOnToolsVersion = 10.2.1;
					};
				};
			};
			buildConfigurationList = 18873C18235BBBEE00745919 /* Build configuration list for PBXProject "C0773774_F2019_MID_TERM_MAD3004" */;
			compatibilityVersion = "Xcode 9.3";
			developmentRegion = en;
			hasScannedForEncodings = 0;
			knownRegions = (
				en,
			);
			mainGroup = 18873C14235BBBEE00745919;
			productRefGroup = 18873C1E235BBBEE00745919 /* Products */;
			projectDirPath = "";
			projectRoot = "";
			targets = (
				18873C1C235BBBEE00745919 /* C0773774_F2019_MID_TERM_MAD3004 */,
			);
		};
/* End PBXProject section */

/* Begin PBXSourcesBuildPhase section */
		18873C19235BBBEE00745919 /* Sources */ = {
			isa = PBXSourcesBuildPhase;
			buildActionMask = 2147483647;
			files = (
				18873C35235BC65200745919 /* Hydro.swift in Sources */,
				18873C30235BC15E00745919 /* MobileClass.swift in Sources */,
				18873C21235BBBEE00745919 /* main.swift in Sources */,
				18873C2E235BBE4400745919 /* InternetClass.swift in Sources */,
				18873C29235BBCF600745919 /* Protocol.swift in Sources */,
				18873C33235BC38900745919 /* CustomerClass.swift in Sources */,
				18873C2C235BBD4100745919 /* BillClass.swift in Sources */,
			);
			runOnlyForDeploymentPostprocessing = 0;
		};
/* End PBXSourcesBuildPhase section */

/* Begin XCBuildConfiguration section */
		18873C22235BBBEE00745919 /* Debug */ = {
			isa = XCBuildConfiguration;
			buildSettings = {
				ALWAYS_SEARCH_USER_PATHS = NO;
				CLANG_ANALYZER_NONNULL = YES;
				CLANG_ANALYZER_NUMBER_OBJECT_CONVERSION = YES_AGGRESSIVE;
				CLANG_CXX_LANGUAGE_STANDARD = "gnu++14";
				CLANG_CXX_LIBRARY = "libc++";
				CLANG_ENABLE_MODULES = YES;
				CLANG_ENABLE_OBJC_ARC = YES;
				CLANG_ENABLE_OBJC_WEAK = YES;
				CLANG_WARN_BLOCK_CAPTURE_AUTORELEASING = YES;
				CLANG_WARN_BOOL_CONVERSION = YES;
				CLANG_WARN_COMMA = YES;
				CLANG_WARN_CONSTANT_CONVERSION = YES;
				CLANG_WARN_DEPRECATED_OBJC_IMPLEMENTATIONS = YES;
				CLANG_WARN_DIRECT_OBJC_ISA_USAGE = YES_ERROR;
				CLANG_WARN_DOCUMENTATION_COMMENTS = YES;
				CLANG_WARN_EMPTY_BODY = YES;
				CLANG_WARN_ENUM_CONVERSION = YES;
				CLANG_WARN_INFINITE_RECURSION = YES;
				CLANG_WARN_INT_CONVERSION = YES;
				CLANG_WARN_NON_LITERAL_NULL_CONVERSION = YES;
				CLANG_WARN_OBJC_IMPLICIT_RETAIN_SELF = YES;
				CLANG_WARN_OBJC_LITERAL_CONVERSION = YES;
				CLANG_WARN_OBJC_ROOT_CLASS = YES_ERROR;
				CLANG_WARN_RANGE_LOOP_ANALYSIS = YES;
				CLANG_WARN_STRICT_PROTOTYPES = YES;
				CLANG_WARN_SUSPICIOUS_MOVE = YES;
				CLANG_WARN_UNGUARDED_AVAILABILITY = YES_AGGRESSIVE;
				CLANG_WARN_UNREACHABLE_CODE = YES;
				CLANG_WARN__DUPLICATE_METHOD_MATCH = YES;
				CODE_SIGN_IDENTITY = "Mac Developer";
				COPY_PHASE_STRIP = NO;
				DEBUG_INFORMATION_FORMAT = dwarf;
				ENABLE_STRICT_OBJC_MSGSEND = YES;
				ENABLE_TESTABILITY = YES;
				GCC_C_LANGUAGE_STANDARD = gnu11;
				GCC_DYNAMIC_NO_PIC = NO;
				GCC_NO_COMMON_BLOCKS = YES;
				GCC_OPTIMIZATION_LEVEL = 0;
				GCC_PREPROCESSOR_DEFINITIONS = (
					"DEBUG=1",
					"$(inherited)",
				);
				GCC_WARN_64_TO_32_BIT_CONVERSION = YES;
				GCC_WARN_ABOUT_RETURN_TYPE = YES_ERROR;
				GCC_WARN_UNDECLARED_SELECTOR = YES;
				GCC_WARN_UNINITIALIZED_AUTOS = YES_AGGRESSIVE;
				GCC_WARN_UNUSED_FUNCTION = YES;
				GCC_WARN_UNUSED_VARIABLE = YES;
				MACOSX_DEPLOYMENT_TARGET = 10.14;
				MTL_ENABLE_DEBUG_INFO = INCLUDE_SOURCE;
				MTL_FAST_MATH = YES;
				ONLY_ACTIVE_ARCH = YES;
				SDKROOT = macosx;
				SWIFT_ACTIVE_COMPILATION_CONDITIONS = DEBUG;
				SWIFT_OPTIMIZATION_LEVEL = "-Onone";
			};
			name = Debug;
		};
		18873C23235BBBEE00745919 /* Release */ = {
			isa = XCBuildConfiguration;
			buildSettings = {
				ALWAYS_SEARCH_USER_PATHS = NO;
				CLANG_ANALYZER_NONNULL = YES;
				CLANG_ANALYZER_NUMBER_OBJECT_CONVERSION = YES_AGGRESSIVE;
				CLANG_CXX_LANGUAGE_STANDARD = "gnu++14";
				CLANG_CXX_LIBRARY = "libc++";
				CLANG_ENABLE_MODULES = YES;
				CLANG_ENABLE_OBJC_ARC = YES;
				CLANG_ENABLE_OBJC_WEAK = YES;
				CLANG_WARN_BLOCK_CAPTURE_AUTORELEASING = YES;
				CLANG_WARN_BOOL_CONVERSION = YES;
				CLANG_WARN_COMMA = YES;
				CLANG_WARN_CONSTANT_CONVERSION = YES;
				CLANG_WARN_DEPRECATED_OBJC_IMPLEMENTATIONS = YES;
				CLANG_WARN_DIRECT_OBJC_ISA_USAGE = YES_ERROR;
				CLANG_WARN_DOCUMENTATION_COMMENTS = YES;
				CLANG_WARN_EMPTY_BODY = YES;
				CLANG_WARN_ENUM_CONVERSION = YES;
				CLANG_WARN_INFINITE_RECURSION = YES;
				CLANG_WARN_INT_CONVERSION = YES;
				CLANG_WARN_NON_LITERAL_NULL_CONVERSION = YES;
				CLANG_WARN_OBJC_IMPLICIT_RETAIN_SELF = YES;
				CLANG_WARN_OBJC_LITERAL_CONVERSION = YES;
				CLANG_WARN_OBJC_ROOT_CLASS = YES_ERROR;
				CLANG_WARN_RANGE_LOOP_ANALYSIS = YES;
				CLANG_WARN_STRICT_PROTOTYPES = YES;
				CLANG_WARN_SUSPICIOUS_MOVE = YES;
				CLANG_WARN_UNGUARDED_AVAILABILITY = YES_AGGRESSIVE;
				CLANG_WARN_UNREACHABLE_CODE = YES;
				CLANG_WARN__DUPLICATE_METHOD_MATCH = YES;
				CODE_SIGN_IDENTITY = "Mac Developer";
				COPY_PHASE_STRIP = NO;
				DEBUG_INFORMATION_FORMAT = "dwarf-with-dsym";
				ENABLE_NS_ASSERTIONS = NO;
				ENABLE_STRICT_OBJC_MSGSEND = YES;
				GCC_C_LANGUAGE_STANDARD = gnu11;
				GCC_NO_COMMON_BLOCKS = YES;
				GCC_WARN_64_TO_32_BIT_CONVERSION = YES;
				GCC_WARN_ABOUT_RETURN_TYPE = YES_ERROR;
				GCC_WARN_UNDECLARED_SELECTOR = YES;
				GCC_WARN_UNINITIALIZED_AUTOS = YES_AGGRESSIVE;
				GCC_WARN_UNUSED_FUNCTION = YES;
				GCC_WARN_UNUSED_VARIABLE = YES;
				MACOSX_DEPLOYMENT_TARGET = 10.14;
				MTL_ENABLE_DEBUG_INFO = NO;
				MTL_FAST_MATH = YES;
				SDKROOT = macosx;
				SWIFT_COMPILATION_MODE = wholemodule;
				SWIFT_OPTIMIZATION_LEVEL = "-O";
			};
			name = Release;
		};
		18873C25235BBBEE00745919 /* Debug */ = {
			isa = XCBuildConfiguration;
			buildSettings = {
				CODE_SIGN_STYLE = Automatic;
				DEVELOPMENT_TEAM = ZZGNKKHCD7;
				PRODUCT_NAME = "$(TARGET_NAME)";
				SWIFT_VERSION = 5.0;
			};
			name = Debug;
		};
		18873C26235BBBEE00745919 /* Release */ = {
			isa = XCBuildConfiguration;
			buildSettings = {
				CODE_SIGN_STYLE = Automatic;
				DEVELOPMENT_TEAM = ZZGNKKHCD7;
				PRODUCT_NAME = "$(TARGET_NAME)";
				SWIFT_VERSION = 5.0;
			};
			name = Release;
		};
/* End XCBuildConfiguration section */

/* Begin XCConfigurationList section */
		18873C18235BBBEE00745919 /* Build configuration list for PBXProject "C0773774_F2019_MID_TERM_MAD3004" */ = {
			isa = XCConfigurationList;
			buildConfigurations = (
				18873C22235BBBEE00745919 /* Debug */,
				18873C23235BBBEE00745919 /* Release */,
			);
			defaultConfigurationIsVisible = 0;
			defaultConfigurationName = Release;
		};
		18873C24235BBBEE00745919 /* Build configuration list for PBXNativeTarget "C0773774_F2019_MID_TERM_MAD3004" */ = {
			isa = XCConfigurationList;
			buildConfigurations = (
				18873C25235BBBEE00745919 /* Debug */,
				18873C26235BBBEE00745919 /* Release */,
			);
			defaultConfigurationIsVisible = 0;
			defaultConfigurationName = Release;
		};
/* End XCConfigurationList section */
	};
	rootObject = 18873C15235BBBEE00745919 /* Project object */;
}
